
Microsoft Visual Studio Solution File, Format Version 10.00
# Visual Studio 2008
Project("{FAE04EC0-301F-11D3-BF4B-00C04F79EFBC}") = "busdog", "busdog\busdog.csproj", "{59EDC1D1-62ED-4D29-B114-A327F0D2A563}"
EndProject
Global
	GlobalSection(SolutionConfigurationPlatforms) = preSolution
		Debug|Any CPU = Debug|Any CPU
		Release|Any CPU = Release|Any CPU
	EndGlobalSection
	GlobalSection(ProjectConfigurationPlatforms) = postSolution
		{59EDC1D1-62ED-4D29-B114-A327F0D2A563}.Debug|Any CPU.ActiveCfg = Debug|Any CPU
		{59EDC1D1-62ED-4D29-B114-A327F0D2A563}.Debug|Any CPU.Build.0 = Debug|Any CPU
		{59EDC1D1-62ED-4D29-B114-A327F0D2A563}.Release|Any CPU.ActiveCfg = Release|Any CPU
		{59EDC1D1-62ED-4D29-B114-A327F0D2A563}.Release|Any CPU.Build.0 = Release|Any CPU
	EndGlobalSection
	GlobalSection(SolutionProperties) = preSolution
		HideSolutionNode = FALSE
	EndGlobalSection
EndGlobal
